
Microsoft Visual Studio Solution File, Format Version 12.00
# Visual Studio Version 16
VisualStudioVersion = 16.0.30907.101
MinimumVisualStudioVersion = 10.0.40219.1
Project("{9A19103F-16F7-4668-BE54-9A1E7A4F7556}") = "CrazyFour", "CrazyFour\CrazyFour.csproj", "{7D32C3B9-861E-4B83-B2CA-FE2491547028}"
EndProject
Project("{FAE04EC0-301F-11D3-BF4B-00C04F79EFBC}") = "CrazyFour.Core", "CrazyFour.Core\CrazyFour.Core.csproj", "{2F17BC82-77A5-4534-ADFE-D1720FBB824C}"
EndProject
Global
	GlobalSection(SolutionConfigurationPlatforms) = preSolution
		Debug|Any CPU = Debug|Any CPU
		Release|Any CPU = Release|Any CPU
	EndGlobalSection
	GlobalSection(ProjectConfigurationPlatforms) = postSolution
		{7D32C3B9-861E-4B83-B2CA-FE2491547028}.Debug|Any CPU.ActiveCfg = Debug|Any CPU
		{7D32C3B9-861E-4B83-B2CA-FE2491547028}.Debug|Any CPU.Build.0 = Debug|Any CPU
		{7D32C3B9-861E-4B83-B2CA-FE2491547028}.Release|Any CPU.ActiveCfg = Release|Any CPU
		{7D32C3B9-861E-4B83-B2CA-FE2491547028}.Release|Any CPU.Build.0 = Release|Any CPU
		{2F17BC82-77A5-4534-ADFE-D1720FBB824C}.Debug|Any CPU.ActiveCfg = Debug|Any CPU
		{2F17BC82-77A5-4534-ADFE-D1720FBB824C}.Debug|Any CPU.Build.0 = Debug|Any CPU
		{2F17BC82-77A5-4534-ADFE-D1720FBB824C}.Release|Any CPU.ActiveCfg = Release|Any CPU
		{2F17BC82-77A5-4534-ADFE-D1720FBB824C}.Release|Any CPU.Build.0 = Release|Any CPU
	EndGlobalSection
	GlobalSection(SolutionProperties) = preSolution
		HideSolutionNode = FALSE
	EndGlobalSection
	GlobalSection(ExtensibilityGlobals) = postSolution
		SolutionGuid = {98BE180F-10AE-4B79-B0E0-D9FD87292C13}
	EndGlobalSection
EndGlobal
